
Microsoft Visual Studio Solution File, Format Version 12.00
# Visual Studio Version 17
VisualStudioVersion = 17.5.2.0
MinimumVisualStudioVersion = 10.0.40219.1
Project("{2150E333-8FDC-42A3-9474-1A3956D46DE8}") = "Microservices", "Microservices", "{8A367DDA-5161-A942-4F09-60E4726C9306}"
EndProject
Project("{FAE04EC0-301F-11D3-BF4B-00C04F79EFBC}") = "ApiGateway", "Microservices\ApiGateway\ApiGateway.csproj", "{764BF945-2A15-93CA-542E-03CD3F12A881}"
EndProject
Project("{FAE04EC0-301F-11D3-BF4B-00C04F79EFBC}") = "AuthService", "Microservices\AuthService\AuthService.csproj", "{F7427B37-980A-2937-5368-FF17473BA9D6}"
EndProject
Project("{FAE04EC0-301F-11D3-BF4B-00C04F79EFBC}") = "ProductService", "Microservices\ProductService\ProductService.csproj", "{758DD365-42A0-BEF3-7F5E-C9F3B3EF8A64}"
EndProject
Project("{FAE04EC0-301F-11D3-BF4B-00C04F79EFBC}") = "OrderService", "Microservices\OrderService\OrderService.csproj", "{E0977335-0674-3C46-480B-D68B81768B66}"
EndProject

Global
	GlobalSection(SolutionConfigurationPlatforms) = preSolution
		Debug|Any CPU = Debug|Any CPU
		Release|Any CPU = Release|Any CPU
	EndGlobalSection
	GlobalSection(ProjectConfigurationPlatforms) = postSolution
		{764BF945-2A15-93CA-542E-03CD3F12A881}.Debug|Any CPU.ActiveCfg = Debug|Any CPU
		{764BF945-2A15-93CA-542E-03CD3F12A881}.Debug|Any CPU.Build.0 = Debug|Any CPU
		{764BF945-2A15-93CA-542E-03CD3F12A881}.Release|Any CPU.ActiveCfg = Release|Any CPU
		{764BF945-2A15-93CA-542E-03CD3F12A881}.Release|Any CPU.Build.0 = Release|Any CPU
		{F7427B37-980A-2937-5368-FF17473BA9D6}.Debug|Any CPU.ActiveCfg = Debug|Any CPU
		{F7427B37-980A-2937-5368-FF17473BA9D6}.Debug|Any CPU.Build.0 = Debug|Any CPU
		{F7427B37-980A-2937-5368-FF17473BA9D6}.Release|Any CPU.ActiveCfg = Release|Any CPU
		{F7427B37-980A-2937-5368-FF17473BA9D6}.Release|Any CPU.Build.0 = Release|Any CPU
		{758DD365-42A0-BEF3-7F5E-C9F3B3EF8A64}.Debug|Any CPU.ActiveCfg = Debug|Any CPU
		{758DD365-42A0-BEF3-7F5E-C9F3B3EF8A64}.Debug|Any CPU.Build.0 = Debug|Any CPU
		{758DD365-42A0-BEF3-7F5E-C9F3B3EF8A64}.Release|Any CPU.ActiveCfg = Release|Any CPU
		{758DD365-42A0-BEF3-7F5E-C9F3B3EF8A64}.Release|Any CPU.Build.0 = Release|Any CPU
		{E0977335-0674-3C46-480B-D68B81768B66}.Debug|Any CPU.ActiveCfg = Debug|Any CPU
		{E0977335-0674-3C46-480B-D68B81768B66}.Debug|Any CPU.Build.0 = Debug|Any CPU
		{E0977335-0674-3C46-480B-D68B81768B66}.Release|Any CPU.ActiveCfg = Release|Any CPU
		{E0977335-0674-3C46-480B-D68B81768B66}.Release|Any CPU.Build.0 = Release|Any CPU

	EndGlobalSection
	GlobalSection(SolutionProperties) = preSolution
		HideSolutionNode = FALSE
	EndGlobalSection
	GlobalSection(NestedProjects) = preSolution
		{764BF945-2A15-93CA-542E-03CD3F12A881} = {8A367DDA-5161-A942-4F09-60E4726C9306}
		{F7427B37-980A-2937-5368-FF17473BA9D6} = {8A367DDA-5161-A942-4F09-60E4726C9306}
		{758DD365-42A0-BEF3-7F5E-C9F3B3EF8A64} = {8A367DDA-5161-A942-4F09-60E4726C9306}
		{E0977335-0674-3C46-480B-D68B81768B66} = {8A367DDA-5161-A942-4F09-60E4726C9306}
	EndGlobalSection
	GlobalSection(ExtensibilityGlobals) = preSolution
		SolutionGuid = {657816EF-7CAF-48B0-ADEA-F9A6C6C195AA}
	EndGlobalSection
EndGlobal
